
Microsoft Visual Studio Solution File, Format Version 12.00
# Visual Studio Version 16
VisualStudioVersion = 16.0.30204.135
MinimumVisualStudioVersion = 10.0.40219.1
Project("{FAE04EC0-301F-11D3-BF4B-00C04F79EFBC}") = "ProjetoMVC2020", "ProjetoMVC2020.csproj", "{1B3219A3-A678-4A31-8A49-F9293E8F90CE}"
EndProject
Global
	GlobalSection(SolutionConfigurationPlatforms) = preSolution
		Debug|Any CPU = Debug|Any CPU
		Release|Any CPU = Release|Any CPU
	EndGlobalSection
	GlobalSection(ProjectConfigurationPlatforms) = postSolution
		{1B3219A3-A678-4A31-8A49-F9293E8F90CE}.Debug|Any CPU.ActiveCfg = Debug|Any CPU
		{1B3219A3-A678-4A31-8A49-F9293E8F90CE}.Debug|Any CPU.Build.0 = Debug|Any CPU
		{1B3219A3-A678-4A31-8A49-F9293E8F90CE}.Release|Any CPU.ActiveCfg = Release|Any CPU
		{1B3219A3-A678-4A31-8A49-F9293E8F90CE}.Release|Any CPU.Build.0 = Release|Any CPU
	EndGlobalSection
	GlobalSection(SolutionProperties) = preSolution
		HideSolutionNode = FALSE
	EndGlobalSection
	GlobalSection(ExtensibilityGlobals) = postSolution
		SolutionGuid = {2BD9238C-E3C1-47B8-92D3-55021670BA0F}
	EndGlobalSection
EndGlobal
